Microsoft Visual Studio Solution File, Format Version 12.00
# Visual Studio Version 17
VisualStudioVersion = 17.5.2.0
MinimumVisualStudioVersion = 10.0.40219.1
Project("{FAE04EC0-301F-11D3-BF4B-00C04F79EFBC}") = "AirportAssistant", "AirportAssistant\AirportAssistant.csproj", "{CD28DBB6-16E3-7D68-A4F0-D718971DEE19}"
EndProject
Global
	GlobalSection(SolutionConfigurationPlatforms) = preSolution
		Debug|Any CPU = Debug|Any CPU
		Release|Any CPU = Release|Any CPU
	EndGlobalSection
	GlobalSection(ProjectConfigurationPlatforms) = postSolution
		{CD28DBB6-16E3-7D68-A4F0-D718971DEE19}.Debug|Any CPU.ActiveCfg = Debug|Any CPU
		{CD28DBB6-16E3-7D68-A4F0-D718971DEE19}.Debug|Any CPU.Build.0 = Debug|Any CPU
		{CD28DBB6-16E3-7D68-A4F0-D718971DEE19}.Release|Any CPU.ActiveCfg = Release|Any CPU
		{CD28DBB6-16E3-7D68-A4F0-D718971DEE19}.Release|Any CPU.Build.0 = Release|Any CPU
	EndGlobalSection
	GlobalSection(SolutionProperties) = preSolution
		HideSolutionNode = FALSE
	EndGlobalSection
	GlobalSection(ExtensibilityGlobals) = postSolution
		SolutionGuid = {895E8CFE-45C5-4C1D-9BE6-FB7DB793EA86}
	EndGlobalSection
EndGlobal
